{
  "name": "redirect",
  "version": "1.1.0",
  "lockfileVersion": 2,
  "requires": true,
  "packages": {
    "": {
      "name": "redirect",
      "version": "1.1.0",
      "license": "MIT",
      "dependencies": {
        "@cloudflare/kv-asset-handler": "^0.3.0",
        "itty-router": "^3.0.11",
        "nanoid": "^4.0.0"
      },
      "devDependencies": {
        "prettier": "^2.8.3"
      }
    },
    "node_modules/@cloudflare/kv-asset-handler": {
      "version": "0.3.0",
      "resolved": "https://registry.npmjs.org/@cloudflare/kv-asset-handler/-/kv-asset-handler-0.3.0.tgz",
      "integrity": "sha512-9CB/MKf/wdvbfkUdfrj+OkEwZ5b7rws0eogJ4293h+7b6KX5toPwym+VQKmILafNB9YiehqY0DlNrDcDhdWHSQ==",
      "dependencies": {
        "mime": "^3.0.0"
      }
    },
    "node_modules/itty-router": {
      "version": "3.0.11",
      "resolved": "https://registry.npmjs.org/itty-router/-/itty-router-3.0.11.tgz",
      "integrity": "sha512-vWsoHBi2CmU15YzyUeHjRfjdySL2jqZQKA9jP1LXkBcLJAo0KQNVlQMvhtzG0mzABhVYifeBF97UkrrpuTCWYQ=="
    },
    "node_modules/mime": {
      "version": "3.0.0",
      "resolved": "https://registry.npmjs.org/mime/-/mime-3.0.0.tgz",
      "integrity": "sha512-jSCU7/VB1loIWBZe14aEYHU/+1UMEHoaO7qxCOVJOw9GgH72VAWppxNcjU+x9a2k3GSIBXNKxXQFqRvvZ7vr3A==",
      "bin": {
        "mime": "cli.js"
      },
      "engines": {
        "node": ">=10.0.0"
      }
    },
    "node_modules/nanoid": {
      "version": "4.0.1",
      "resolved": "https://registry.npmjs.org/nanoid/-/nanoid-4.0.1.tgz",
      "integrity": "sha512-udKGtCCUafD3nQtJg9wBhRP3KMbPglUsgV5JVsXhvyBs/oefqb4sqMEhKBBgqZncYowu58p1prsZQBYvAj/Gww==",
      "bin": {
        "nanoid": "bin/nanoid.js"
      },
      "engines": {
        "node": "^14 || ^16 || >=18"
      }
    },
    "node_modules/prettier": {
      "version": "2.8.4",
      "resolved": "https://registry.npmjs.org/prettier/-/prettier-2.8.4.tgz",
      "integrity": "sha512-vIS4Rlc2FNh0BySk3Wkd6xmwxB0FpOndW5fisM5H8hsZSxU2VWVB5CWIkIjWvrHjIhxk2g3bfMKM87zNTrZddw==",
      "dev": true,
      "bin": {
        "prettier": "bin-prettier.js"
      },
      "engines": {
        "node": ">=10.13.0"
      },
      "funding": {
        "url": "https://github.com/prettier/prettier?sponsor=1"
      }
    }
  },
  "dependencies": {
    "@cloudflare/kv-asset-handler": {
      "version": "0.3.0",
      "resolved": "https://registry.npmjs.org/@cloudflare/kv-asset-handler/-/kv-asset-handler-0.3.0.tgz",
      "integrity": "sha512-9CB/MKf/wdvbfkUdfrj+OkEwZ5b7rws0eogJ4293h+7b6KX5toPwym+VQKmILafNB9YiehqY0DlNrDcDhdWHSQ==",
      "requires": {
        "mime": "^3.0.0"
      }
    },
    "itty-router": {
      "version": "3.0.11",
      "resolved": "https://registry.npmjs.org/itty-router/-/itty-router-3.0.11.tgz",
      "integrity": "sha512-vWsoHBi2CmU15YzyUeHjRfjdySL2jqZQKA9jP1LXkBcLJAo0KQNVlQMvhtzG0mzABhVYifeBF97UkrrpuTCWYQ=="
    },
    "mime": {
      "version": "3.0.0",
      "resolved": "https://registry.npmjs.org/mime/-/mime-3.0.0.tgz",
      "integrity": "sha512-jSCU7/VB1loIWBZe14aEYHU/+1UMEHoaO7qxCOVJOw9GgH72VAWppxNcjU+x9a2k3GSIBXNKxXQFqRvvZ7vr3A=="
    },
    "nanoid": {
      "version": "4.0.1",
      "resolved": "https://registry.npmjs.org/nanoid/-/nanoid-4.0.1.tgz",
      "integrity": "sha512-udKGtCCUafD3nQtJg9wBhRP3KMbPglUsgV5JVsXhvyBs/oefqb4sqMEhKBBgqZncYowu58p1prsZQBYvAj/Gww=="
    },
    "prettier": {
      "version": "2.8.4",
      "resolved": "https://registry.npmjs.org/prettier/-/prettier-2.8.4.tgz",
      "integrity": "sha512-vIS4Rlc2FNh0BySk3Wkd6xmwxB0FpOndW5fisM5H8hsZSxU2VWVB5CWIkIjWvrHjIhxk2g3bfMKM87zNTrZddw==",
      "dev": true
    }
  }
}
