lockfileVersion: 5.4

specifiers:
  '@cloudflare/kv-asset-handler': ^0.3.0
  itty-router: ^3.0.11
  nanoid: ^4.0.0
  prettier: ^2.8.3

dependencies:
  '@cloudflare/kv-asset-handler': 0.3.0
  itty-router: 3.0.11
  nanoid: 4.0.0

devDependencies:
  prettier: 2.8.3

packages:

  /@cloudflare/kv-asset-handler/0.3.0:
    resolution: {integrity: sha512-9CB/MKf/wdvbfkUdfrj+OkEwZ5b7rws0eogJ4293h+7b6KX5toPwym+VQKmILafNB9YiehqY0DlNrDcDhdWHSQ==}
    dependencies:
      mime: 3.0.0
    dev: false

  /itty-router/3.0.11:
    resolution: {integrity: sha512-vWsoHBi2CmU15YzyUeHjRfjdySL2jqZQKA9jP1LXkBcLJAo0KQNVlQMvhtzG0mzABhVYifeBF97UkrrpuTCWYQ==}
    dev: false

  /mime/3.0.0:
    resolution: {integrity: sha512-jSCU7/VB1loIWBZe14aEYHU/+1UMEHoaO7qxCOVJOw9GgH72VAWppxNcjU+x9a2k3GSIBXNKxXQFqRvvZ7vr3A==}
    engines: {node: '>=10.0.0'}
    hasBin: true
    dev: false

  /nanoid/4.0.0:
    resolution: {integrity: sha512-IgBP8piMxe/gf73RTQx7hmnhwz0aaEXYakvqZyE302IXW3HyVNhdNGC+O2MwMAVhLEnvXlvKtGbtJf6wvHihCg==}
    engines: {node: ^14 || ^16 || >=18}
    hasBin: true
    dev: false

  /prettier/2.8.3:
    resolution: {integrity: sha512-tJ/oJ4amDihPoufT5sM0Z1SKEuKay8LfVAMlbbhnnkvt6BUserZylqo2PN+p9KeljLr0OHa2rXHU1T8reeoTrw==}
    engines: {node: '>=10.13.0'}
    hasBin: true
    dev: true
